
Microsoft Visual Studio Solution File, Format Version 12.00
# Visual Studio Version 16
VisualStudioVersion = 16.0.31402.337
MinimumVisualStudioVersion = 10.0.40219.1
Project("{9A19103F-16F7-4668-BE54-9A1E7A4F7556}") = "ValCavalluBot", "ValCavalluBot\ValCavalluBot.csproj", "{0CA91412-2CD6-42FC-97A9-B6F076AB98D9}"
EndProject
Project("{9A19103F-16F7-4668-BE54-9A1E7A4F7556}") = "Shares", "Shares\Shares.csproj", "{0AF47F94-FA25-4462-A155-2C6906B407C3}"
EndProject
Project("{9A19103F-16F7-4668-BE54-9A1E7A4F7556}") = "HowrseBotClient", "HowrseBotClient\HowrseBotClient.csproj", "{7EB41590-DD9C-43F1-BC91-50C838D2FEC1}"
EndProject
Global
	GlobalSection(SolutionConfigurationPlatforms) = preSolution
		Debug|Any CPU = Debug|Any CPU
		Release|Any CPU = Release|Any CPU
	EndGlobalSection
	GlobalSection(ProjectConfigurationPlatforms) = postSolution
		{0CA91412-2CD6-42FC-97A9-B6F076AB98D9}.Debug|Any CPU.ActiveCfg = Debug|Any CPU
		{0CA91412-2CD6-42FC-97A9-B6F076AB98D9}.Debug|Any CPU.Build.0 = Debug|Any CPU
		{0CA91412-2CD6-42FC-97A9-B6F076AB98D9}.Release|Any CPU.ActiveCfg = Release|Any CPU
		{0CA91412-2CD6-42FC-97A9-B6F076AB98D9}.Release|Any CPU.Build.0 = Release|Any CPU
		{0AF47F94-FA25-4462-A155-2C6906B407C3}.Debug|Any CPU.ActiveCfg = Debug|Any CPU
		{0AF47F94-FA25-4462-A155-2C6906B407C3}.Debug|Any CPU.Build.0 = Debug|Any CPU
		{0AF47F94-FA25-4462-A155-2C6906B407C3}.Release|Any CPU.ActiveCfg = Release|Any CPU
		{0AF47F94-FA25-4462-A155-2C6906B407C3}.Release|Any CPU.Build.0 = Release|Any CPU
		{7EB41590-DD9C-43F1-BC91-50C838D2FEC1}.Debug|Any CPU.ActiveCfg = Debug|Any CPU
		{7EB41590-DD9C-43F1-BC91-50C838D2FEC1}.Debug|Any CPU.Build.0 = Debug|Any CPU
		{7EB41590-DD9C-43F1-BC91-50C838D2FEC1}.Release|Any CPU.ActiveCfg = Release|Any CPU
		{7EB41590-DD9C-43F1-BC91-50C838D2FEC1}.Release|Any CPU.Build.0 = Release|Any CPU
	EndGlobalSection
	GlobalSection(SolutionProperties) = preSolution
		HideSolutionNode = FALSE
	EndGlobalSection
	GlobalSection(ExtensibilityGlobals) = postSolution
		SolutionGuid = {CA40DFD2-3907-483C-9522-E8ACD6F95FD5}
	EndGlobalSection
EndGlobal
